<?xml version="1.0" encoding="utf-8"?>
<Project ToolsVersion="4.0" xmlns="http://schemas.microsoft.com/developer/msbuild/2003">
  <ItemGroup>
    <FxCompile Include="Resources\Shaders\Object3d.PS.hlsl" />
    <FxCompile Include="Resources\Shaders\Object3d.VS.hlsl" />
    <FxCompile Include="Resources\Shaders\Particle.PS.hlsl" />
    <FxCompile Include="Resources\Shaders\Particle.VS.hlsl" />
  </ItemGroup>
  <ItemGroup>
    <ClCompile Include="engine\graphic\PostEffect\DissolveEffect.cpp" />
    <ClCompile Include="engine\graphic\PSO\PostEffect\DissolvePSO.cpp" />
    <ClCompile Include="engine\graphic\PSO\Blend\AddBlendPSO.cpp" />
    <ClCompile Include="engine\scene\ClearScene.cpp" />
    <ClCompile Include="engine\scene\DebugScene.cpp" />
    <ClCompile Include="engine\audio\Audio.cpp" />
    <ClCompile Include="engine\audio\AudioCommon.cpp" />
    <ClCompile Include="engine\camera\Camera.cpp" />
    <ClCompile Include="engine\leakChecker\D3DResourceLeakChecker.cpp" />
    <ClCompile Include="engine\base\Common\DirectXCommon.cpp" />
    <ClCompile Include="engine\input\Input.cpp" />
    <ClCompile Include="engine\base\Utilities\Logger.cpp" />
    <ClCompile Include="externals\imgui\imgui_demo.cpp" />
    <ClCompile Include="externals\imgui\imgui_draw.cpp" />
    <ClCompile Include="externals\imgui\imgui_impl_dx12.cpp" />
    <ClCompile Include="externals\imgui\imgui_impl_win32.cpp" />
    <ClCompile Include="externals\imgui\imgui_tables.cpp" />
    <ClCompile Include="externals\imgui\imgui_widgets.cpp" />
    <ClCompile Include="engine\imgui\ImGuiManager.cpp" />
    <ClCompile Include="engine\scene\IScene.cpp" />
    <ClCompile Include="engine\graphic\PostEffect\GaussianBlurEffect.cpp" />
    <ClCompile Include="engine\graphic\PSO\PostEffect\GaussianBlurPSO.cpp" />
    <ClCompile Include="engine\graphic\PostEffect\GrayScaleEffect.cpp" />
    <ClCompile Include="engine\graphic\PSO\PostEffect\GrayScalePSO.cpp" />
    <ClCompile Include="main.cpp" />
    <ClCompile Include="engine\graphic\3d\Model.cpp" />
    <ClCompile Include="engine\graphic\3d\ModelManager.cpp" />
    <ClCompile Include="engine\graphic\3d\Object3d.cpp" />
    <ClCompile Include="engine\graphic\3d\Object3dCommon.cpp" />
    <ClCompile Include="engine\graphic\2d\Sprite.cpp" />
    <ClCompile Include="engine\graphic\2d\SpriteCommon.cpp" />
    <ClCompile Include="engine\base\Utilities\StringUtility.cpp" />
    <ClCompile Include="engine\graphic\2d\TextureManager.cpp" />
    <ClCompile Include="engine\base\Common\WinApp.cpp" />
    <ClCompile Include="engine\graphic\Particle\Particle.cpp" />
    <ClCompile Include="engine\graphic\Particle\ParticleCommon.cpp" />
    <ClCompile Include="engine\graphic\Particle\ParticleEmitter.cpp" />
    <ClCompile Include="engine\graphic\PSO\ParticlePSO.cpp" />
    <ClCompile Include="engine\graphic\PSO\PSO.cpp" />
    <ClCompile Include="engine\scene\SceneManager.cpp" />
    <ClCompile Include="engine\base\Common\SrvManager.cpp" />
    <ClCompile Include="engine\scene\StageScene.cpp" />
    <ClCompile Include="engine\scene\TitleScene.cpp" />
    <ClCompile Include="engine\graphic\PSO\Blend\MultiplyBlendPSO.cpp" />
    <ClCompile Include="engine\graphic\PSO\Blend\NoneBlendPSO.cpp" />
    <ClCompile Include="engine\graphic\PSO\Blend\NormalBlendPSO.cpp" />
    <ClCompile Include="engine\graphic\PSO\Blend\ScreenBlendPSO.cpp" />
    <ClCompile Include="engine\graphic\PSO\Blend\SubtractBlendPSO.cpp" />
    <ClCompile Include="engine\graphic\PostEffect\NoneEffect.cpp" />
    <ClCompile Include="engine\graphic\PSO\PostEffect\NonePSO.cpp" />
    <ClCompile Include="engine\graphic\PostEffect\OffScreenRendering.cpp" />
    <ClCompile Include="engine\graphic\PSO\PostEffect\OffScreenRenderingPSO.cpp" />
    <ClCompile Include="engine\graphic\PostEffect\OutlineEffect.cpp" />
    <ClCompile Include="engine\graphic\PSO\PostEffect\OutlinePSO.cpp" />
    <ClCompile Include="engine\graphic\PostEffect\PostEffectBase.cpp" />
    <ClCompile Include="engine\graphic\PostEffect\PostEffectManager.cpp" />
    <ClCompile Include="engine\graphic\PSO\PostEffect\PostEffectPSOBase.cpp" />
    <ClCompile Include="engine\graphic\PSO\PostEffect\SepiaPSO.cpp" />
    <ClCompile Include="engine\graphic\PostEffect\RadialBlurEffect.cpp" />
    <ClCompile Include="engine\graphic\PSO\PostEffect\RadialBlurPSO.cpp" />
    <ClCompile Include="engine\graphic\PostEffect\randomEffect.cpp" />
    <ClCompile Include="engine\graphic\PSO\PostEffect\randomPSO.cpp" />
    <ClCompile Include="engine\graphic\PostEffect\SepiaEffect.cpp" />
    <ClCompile Include="engine\graphic\PostEffect\SmoothingEffect.cpp" />
    <ClCompile Include="engine\graphic\PSO\PostEffect\SmoothingPSO.cpp" />
    <ClCompile Include="engine\graphic\PostEffect\VignetteEffect.cpp" />
    <ClCompile Include="engine\graphic\PSO\PostEffect\VignettePSO.cpp" />
    <ClCompile Include="engine\graphic\SkyBox\SkyBox.cpp" />
    <ClCompile Include="engine\graphic\SkyBox\SkyBoxCommon.cpp" />
    <ClCompile Include="engine\graphic\PSO\SkyBoxPSO.cpp" />
    <ClCompile Include="Framework\Framework.cpp" />
    <ClCompile Include="Framework\Order.cpp" />
    <ClCompile Include="engine\graphic\line\LineCommon.cpp" />
    <ClCompile Include="engine\graphic\line\Line.cpp" />
    <ClCompile Include="engine\graphic\line\LineManager.cpp" />
    <ClCompile Include="engine\graphic\PSO\LinePSO.cpp" />
    <ClCompile Include="engine\graphic\Animation\Animation.cpp" />
    <ClCompile Include="engine\graphic\Animation\Animator.cpp" />
    <ClCompile Include="engine\graphic\PSO\PostEffect\DepthBasedOutlinePSO.cpp" />
    <ClCompile Include="engine\graphic\PostEffect\DepthBasedOutlineEffect.cpp" />
    <ClCompile Include="engine\graphic\PostEffect\ToonEffect.cpp" />
    <ClCompile Include="engine\graphic\PSO\PostEffect\ToonPSO.cpp" />
    <ClCompile Include="engine\graphic\PSO\PostEffect\BloomPSO.cpp" />
    <ClCompile Include="engine\graphic\PostEffect\BloomEffect.cpp" />
    <ClCompile Include="application\Animation\SceneChangeAnimation.cpp" />
    <ClCompile Include="application\StageState\BossState.cpp" />
    <ClCompile Include="application\StageState\GameClearState.cpp" />
    <ClCompile Include="application\StageState\GameOverState.cpp" />
    <ClCompile Include="application\StageState\IStageState.cpp" />
    <ClCompile Include="application\StageState\RewardSelectState.cpp" />
    <ClCompile Include="application\StageState\StageClearState.cpp" />
    <ClCompile Include="application\StageState\StagePlayingState.cpp" />
    <ClCompile Include="application\StageState\StageReadyState.cpp" />
    <ClCompile Include="application\StageState\StageStateManager.cpp" />
    <ClCompile Include="application\Character\Player\Player.cpp" />
    <ClCompile Include="application\Bullet\Player\PlayerBullet.cpp" />
    <ClCompile Include="application\Bullet\Enemy\EnemyNormalBullet.cpp" />
    <ClCompile Include="application\Block\Block.cpp" />
    <ClCompile Include="application\Character\BaseCharacter.cpp" />
    <ClCompile Include="application\Bullet\BaseBullet.cpp" />
    <ClCompile Include="application\Collider\Collider.cpp" />
    <ClCompile Include="application\Collider\CollisionManager.cpp" />
    <ClCompile Include="application\Character\Enemy\Enemy.cpp" />
    <ClCompile Include="application\Camera\FollowTopDownCamera.cpp" />
    <ClCompile Include="application\HitEffect\HitEffectManager.cpp" />
    <ClCompile Include="application\MapChip\MapChipField.cpp" />
    <ClCompile Include="application\Animation\DropWaveAnimation.cpp" />
    <ClCompile Include="application\Tile\Tile.cpp" />
    <ClCompile Include="engine\scene\OverScene.cpp" />
    <ClCompile Include="application\SkyDome\SkyDome.cpp" />
    <ClCompile Include="externals\imgui\imgui.cpp" />
    <ClCompile Include="application\TitleUI.cpp" />
    <ClCompile Include="engine\graphic\Particle\ParticleManager.cpp" />
  </ItemGroup>
  <ItemGroup>
    <ClInclude Include="engine\graphic\PostEffect\DissolveEffect.h" />
    <ClInclude Include="engine\graphic\PSO\PostEffect\DissolvePSO.h" />
    <ClInclude Include="engine\graphic\data\CameraForGPU.h" />
    <ClInclude Include="engine\graphic\data\Node.h" />
    <ClInclude Include="engine\graphic\PSO\Blend\AddBlendPSO.h" />
    <ClInclude Include="engine\graphic\PSO\PostEffect\BlendMode.h" />
    <ClInclude Include="engine\scene\ClearScene.h" />
    <ClInclude Include="engine\scene\DebugScene.h" />
    <ClInclude Include="engine\audio\Audio.h" />
    <ClInclude Include="engine\audio\AudioCommon.h" />
    <ClInclude Include="engine\camera\Camera.h" />
    <ClInclude Include="engine\leakChecker\D3DResourceLeakChecker.h" />
    <ClInclude Include="engine\base\Common\DirectXCommon.h" />
    <ClInclude Include="engine\input\Input.h" />
    <ClInclude Include="engine\base\Utilities\Logger.h" />
    <ClInclude Include="engine\graphic\data\Material.h" />
    <ClInclude Include="engine\graphic\data\MaterialData.h" />
    <ClInclude Include="engine\math\Matrix3x3.h" />
    <ClInclude Include="engine\math\Matrix4x4.h" />
    <ClInclude Include="engine\graphic\3d\Model.h" />
    <ClInclude Include="engine\graphic\3d\ModelCommon.h" />
    <ClInclude Include="engine\graphic\data\ModelData.h" />
    <ClInclude Include="engine\graphic\3d\ModelManager.h" />
    <ClInclude Include="engine\math\MT_Matrix.h" />
    <ClInclude Include="engine\graphic\3d\Object3d.h" />
    <ClInclude Include="engine\graphic\3d\Object3dCommon.h" />
    <ClInclude Include="engine\graphic\2d\Sprite.h" />
    <ClInclude Include="engine\graphic\2d\SpriteCommon.h" />
    <ClInclude Include="engine\base\Utilities\StringUtility.h" />
    <ClInclude Include="engine\graphic\2d\TextureManager.h" />
    <ClInclude Include="engine\graphic\data\Transform.h" />
    <ClInclude Include="engine\graphic\data\TransformationMatrix.h" />
    <ClInclude Include="engine\math\Vector2.h" />
    <ClInclude Include="engine\math\Vector3.h" />
    <ClInclude Include="engine\math\Vector4.h" />
    <ClInclude Include="engine\graphic\data\VertexData.h" />
    <ClInclude Include="engine\base\Common\WinApp.h" />
    <ClInclude Include="externals\imgui\imconfig.h" />
    <ClInclude Include="externals\imgui\imgui.h" />
    <ClInclude Include="externals\imgui\imgui_impl_dx12.h" />
    <ClInclude Include="externals\imgui\imgui_impl_win32.h" />
    <ClInclude Include="externals\imgui\imgui_internal.h" />
    <ClInclude Include="externals\imgui\imstb_rectpack.h" />
    <ClInclude Include="externals\imgui\imstb_textedit.h" />
    <ClInclude Include="externals\imgui\imstb_truetype.h" />
    <ClInclude Include="engine\imgui\ImGuiManager.h" />
    <ClInclude Include="engine\base\Framework\Framework.h" />
    <ClInclude Include="engine\scene\IScene.h" />
    <ClInclude Include="engine\base\Framework\Order.h" />
    <ClInclude Include="engine\graphic\Particle\Particle.h" />
    <ClInclude Include="engine\graphic\Particle\ParticleCommon.h" />
    <ClInclude Include="engine\graphic\Particle\ParticleEmitter.h" />
    <ClInclude Include="engine\graphic\PSO\ParticlePSO.h" />
    <ClInclude Include="engine\graphic\PSO\PSO.h" />
    <ClInclude Include="engine\scene\SceneManager.h" />
    <ClInclude Include="engine\base\Common\SrvManager.h" />
    <ClInclude Include="engine\scene\StageScene.h" />
    <ClInclude Include="engine\scene\TitleScene.h" />
    <ClInclude Include="engine\graphic\PSO\Blend\MultiplyBlendPSO.h" />
    <ClInclude Include="engine\graphic\PSO\Blend\NoneBlendPSO.h" />
    <ClInclude Include="engine\graphic\PSO\Blend\NormalBlendPSO.h" />
    <ClInclude Include="engine\graphic\PSO\Blend\ScreenBlendPSO.h" />
    <ClInclude Include="engine\graphic\PSO\Blend\SubtractBlendPSO.h" />
    <ClInclude Include="engine\graphic\PostEffect\GaussianBlurEffect.h" />
    <ClInclude Include="engine\graphic\PSO\PostEffect\GaussianBlurPSO.h" />
    <ClInclude Include="engine\graphic\PostEffect\GrayScaleEffect.h" />
    <ClInclude Include="engine\graphic\PSO\PostEffect\GrayScalePSO.h" />
    <ClInclude Include="engine\graphic\PostEffect\NoneEffect.h" />
    <ClInclude Include="engine\graphic\PSO\PostEffect\NonePSO.h" />
    <ClInclude Include="engine\graphic\PostEffect\OffScreenRendering.h" />
    <ClInclude Include="engine\graphic\PSO\PostEffect\OffScreenRenderingPSO.h" />
    <ClInclude Include="engine\graphic\PostEffect\OutlineEffect.h" />
    <ClInclude Include="engine\graphic\PSO\PostEffect\OutlinePSO.h" />
    <ClInclude Include="engine\graphic\PostEffect\PostEffectBase.h" />
    <ClInclude Include="engine\graphic\PostEffect\PostEffectManager.h" />
    <ClInclude Include="engine\graphic\PSO\PostEffect\PostEffectPSOBase.h" />
    <ClInclude Include="engine\graphic\PSO\PostEffect\SepiaPSO.h" />
    <ClInclude Include="engine\graphic\PostEffect\RadialBlurEffect.h" />
    <ClInclude Include="engine\graphic\PSO\PostEffect\RadialBlurPSO.h" />
    <ClInclude Include="engine\graphic\PostEffect\randomEffect.h" />
    <ClInclude Include="engine\graphic\PSO\PostEffect\randomPSO.h" />
    <ClInclude Include="engine\graphic\PostEffect\SepiaEffect.h" />
    <ClInclude Include="engine\graphic\PostEffect\SmoothingEffect.h" />
    <ClInclude Include="engine\graphic\PSO\PostEffect\SmoothingPSO.h" />
    <ClInclude Include="engine\graphic\PostEffect\VignetteEffect.h" />
    <ClInclude Include="engine\graphic\PSO\PostEffect\VignettePSO.h" />
    <ClInclude Include="engine\graphic\SkyBox\SkyBox.h" />
    <ClInclude Include="engine\graphic\SkyBox\SkyBoxCommon.h" />
    <ClInclude Include="engine\graphic\PSO\SkyBoxPSO.h" />
    <ClInclude Include="Framework\Framework.h" />
    <ClInclude Include="Framework\Order.h" />
    <ClInclude Include="engine\graphic\line\LineCommon.h" />
    <ClInclude Include="engine\graphic\line\Line.h" />
    <ClInclude Include="engine\graphic\line\LineManager.h" />
    <ClInclude Include="engine\graphic\PSO\LinePSO.h" />
    <ClInclude Include="engine\math\Quaternion.h" />
    <ClInclude Include="engine\graphic\Animation\KeyFrame.h" />
    <ClInclude Include="engine\graphic\Animation\Animation.h" />
    <ClInclude Include="engine\graphic\Animation\Animator.h" />
    <ClInclude Include="engine\graphic\PSO\PostEffect\DepthBasedOutlinePSO.h" />
    <ClInclude Include="engine\graphic\PostEffect\DepthBasedOutlineEffect.h" />
    <ClInclude Include="engine\graphic\PostEffect\ToonEffect.h" />
    <ClInclude Include="engine\graphic\PSO\PostEffect\ToonPSO.h" />
    <ClInclude Include="engine\graphic\PSO\PostEffect\BloomPSO.h" />
    <ClInclude Include="engine\graphic\PostEffect\BloomEffect.h" />
    <ClInclude Include="application\Animation\SceneChangeAnimation.h" />
    <ClInclude Include="application\Character\Player\Player.h" />
    <ClInclude Include="application\Bullet\Player\PlayerBullet.h" />
    <ClInclude Include="application\StageState\BossState.h" />
    <ClInclude Include="application\StageState\GameClearState.h" />
    <ClInclude Include="application\StageState\GameOverState.h" />
    <ClInclude Include="application\StageState\IStageState.h" />
    <ClInclude Include="application\StageState\RewardSelectState.h" />
    <ClInclude Include="application\StageState\StageClearState.h" />
    <ClInclude Include="application\StageState\StagePlayingState.h" />
    <ClInclude Include="application\StageState\StageReadyState.h" />
    <ClInclude Include="application\StageState\StageStateManager.h" />
    <ClInclude Include="application\StageState\StageType.h" />
    <ClInclude Include="application\Character\BaseCharacter.h" />
    <ClInclude Include="application\Bullet\BaseBullet.h" />
    <ClInclude Include="application\Collider\Collider.h" />
    <ClInclude Include="application\Collider\CollisionManager.h" />
    <ClInclude Include="application\Collider\CollisionTypeId.h" />
    <ClInclude Include="application\Character\Enemy\Enemy.h" />
    <ClInclude Include="application\Bullet\Enemy\EnemyNormalBullet.h" />
    <ClInclude Include="application\Block\Block.h" />
    <ClInclude Include="application\Camera\FollowTopDownCamera.h" />
    <ClInclude Include="application\HitEffect\HitEffectManager.h" />
    <ClInclude Include="application\MapChip\MapChipField.h" />
    <ClInclude Include="application\Animation\DropWaveAnimation.h" />
    <ClInclude Include="application\StageState\DropWaveAnimator.h" />
    <ClInclude Include="application\Tile\Tile.h" />
    <ClInclude Include="engine\scene\OverScene.h" />
    <ClInclude Include="application\SkyDome\SkyDome.h" />
    <ClInclude Include="application\SceneType.h" />
    <ClInclude Include="application\TitleUIButton.h" />
    <ClInclude Include="application\TitleUI.h" />
    <ClInclude Include="application\scene\StageState\ClearState.h" />
    <ClInclude Include="engine\graphic\Particle\IParticleEmitter.h" />
    <ClInclude Include="engine\graphic\Particle\RingEmitter.h" />
    <ClInclude Include="engine\graphic\Particle\PrimitiveEmitter.h" />
    <ClInclude Include="engine\graphic\Particle\ParticleManager.h" />
    <ClInclude Include="engine\graphic\Particle\CylinderEmitter.h" />
    <ClInclude Include="engine\graphic\Particle\OriginalEmitter.h" />
  </ItemGroup>
  <ItemGroup>
    <ResourceCompile Include="CG2.rc" />
  </ItemGroup>
  <ItemGroup>
    <None Include="Resources\Shaders\Object3d.hlsli" />
    <None Include="Resources\Shaders\Particle.hlsli" />
  </ItemGroup>
  <ItemGroup>
    <Text Include="externals\imgui\LICENSE.txt" />
  </ItemGroup>
</Project>