
Microsoft Visual Studio Solution File, Format Version 12.00
# Visual Studio Version 17
VisualStudioVersion = 17.9.34728.123
MinimumVisualStudioVersion = 10.0.40219.1
Project("{8BC9CEB8-8B4A-11D0-8D11-00A0C91BC942}") = "CG2", "CG2_01.vcxproj", "{25904D25-DF3E-42C3-B3D3-C97F05E23136}"
EndProject
Project("{2150E333-8FDC-42A3-9474-1A3956D46DE8}") = "ソリューション項目", "ソリューション項目", "{9CE38F12-6027-4C66-829F-EAC614E24DAC}"
	ProjectSection(SolutionItems) = preProject
		.editorconfig = .editorconfig
		.gitignore = .gitignore
	EndProjectSection
EndProject
Project("{8BC9CEB8-8B4A-11D0-8D11-00A0C91BC942}") = "DirectXTex", "externals\DirectXTex\DirectXTex_Desktop_2022_Win10.vcxproj", "{371B9FA9-4C90-4AC6-A123-ACED756D6C77}"
EndProject
Project("{2150E333-8FDC-42A3-9474-1A3956D46DE8}") = "External", "External", "{BB487398-8BFA-4412-BDB9-28FA96B35BD1}"
EndProject
Project("{8BC9CEB8-8B4A-11D0-8D11-00A0C91BC942}") = "imgui", "..\imgui\imgui.vcxproj", "{B8989013-4F56-47AA-9AB2-D93264B30E12}"
EndProject
Global
	GlobalSection(SolutionConfigurationPlatforms) = preSolution
		Debug|x64 = Debug|x64
		Profile|x64 = Profile|x64
		Release|x64 = Release|x64
	EndGlobalSection
	GlobalSection(ProjectConfigurationPlatforms) = postSolution
		{25904D25-DF3E-42C3-B3D3-C97F05E23136}.Debug|x64.ActiveCfg = Debug|x64
		{25904D25-DF3E-42C3-B3D3-C97F05E23136}.Debug|x64.Build.0 = Debug|x64
		{25904D25-DF3E-42C3-B3D3-C97F05E23136}.Profile|x64.ActiveCfg = Release|x64
		{25904D25-DF3E-42C3-B3D3-C97F05E23136}.Profile|x64.Build.0 = Release|x64
		{25904D25-DF3E-42C3-B3D3-C97F05E23136}.Release|x64.ActiveCfg = Release|x64
		{25904D25-DF3E-42C3-B3D3-C97F05E23136}.Release|x64.Build.0 = Release|x64
		{371B9FA9-4C90-4AC6-A123-ACED756D6C77}.Debug|x64.ActiveCfg = Debug|x64
		{371B9FA9-4C90-4AC6-A123-ACED756D6C77}.Debug|x64.Build.0 = Debug|x64
		{371B9FA9-4C90-4AC6-A123-ACED756D6C77}.Profile|x64.ActiveCfg = Profile|x64
		{371B9FA9-4C90-4AC6-A123-ACED756D6C77}.Profile|x64.Build.0 = Profile|x64
		{371B9FA9-4C90-4AC6-A123-ACED756D6C77}.Release|x64.ActiveCfg = Release|x64
		{371B9FA9-4C90-4AC6-A123-ACED756D6C77}.Release|x64.Build.0 = Release|x64
		{B8989013-4F56-47AA-9AB2-D93264B30E12}.Debug|x64.ActiveCfg = Debug|x64
		{B8989013-4F56-47AA-9AB2-D93264B30E12}.Debug|x64.Build.0 = Debug|x64
		{B8989013-4F56-47AA-9AB2-D93264B30E12}.Profile|x64.ActiveCfg = Debug|x64
		{B8989013-4F56-47AA-9AB2-D93264B30E12}.Profile|x64.Build.0 = Debug|x64
		{B8989013-4F56-47AA-9AB2-D93264B30E12}.Release|x64.ActiveCfg = Release|x64
		{B8989013-4F56-47AA-9AB2-D93264B30E12}.Release|x64.Build.0 = Release|x64
	EndGlobalSection
	GlobalSection(SolutionProperties) = preSolution
		HideSolutionNode = FALSE
	EndGlobalSection
	GlobalSection(NestedProjects) = preSolution
		{371B9FA9-4C90-4AC6-A123-ACED756D6C77} = {BB487398-8BFA-4412-BDB9-28FA96B35BD1}
	EndGlobalSection
	GlobalSection(ExtensibilityGlobals) = postSolution
		SolutionGuid = {D90C7315-13D1-4F14-A1D5-B05DD72086C9}
	EndGlobalSection
EndGlobal
